
Microsoft Visual Studio Solution File, Format Version 12.00
# Visual Studio Version 17
VisualStudioVersion = 17.6.33815.320
MinimumVisualStudioVersion = 10.0.40219.1
Project("{FAE04EC0-301F-11D3-BF4B-00C04F79EFBC}") = "storedProcedure", "storedProcedure\storedProcedure.csproj", "{5CF84BD8-84A9-4E6B-8E14-E20252A76EBB}"
EndProject
Global
	GlobalSection(SolutionConfigurationPlatforms) = preSolution
		Debug|Any CPU = Debug|Any CPU
		Release|Any CPU = Release|Any CPU
	EndGlobalSection
	GlobalSection(ProjectConfigurationPlatforms) = postSolution
		{5CF84BD8-84A9-4E6B-8E14-E20252A76EBB}.Debug|Any CPU.ActiveCfg = Debug|Any CPU
		{5CF84BD8-84A9-4E6B-8E14-E20252A76EBB}.Debug|Any CPU.Build.0 = Debug|Any CPU
		{5CF84BD8-84A9-4E6B-8E14-E20252A76EBB}.Release|Any CPU.ActiveCfg = Release|Any CPU
		{5CF84BD8-84A9-4E6B-8E14-E20252A76EBB}.Release|Any CPU.Build.0 = Release|Any CPU
	EndGlobalSection
	GlobalSection(SolutionProperties) = preSolution
		HideSolutionNode = FALSE
	EndGlobalSection
	GlobalSection(ExtensibilityGlobals) = postSolution
		SolutionGuid = {3CF9D893-9C2A-4074-8934-11CB66D7D6D9}
	EndGlobalSection
EndGlobal
