
Microsoft Visual Studio Solution File, Format Version 12.00
# Visual Studio Version 17
VisualStudioVersion = 17.6.33815.320
MinimumVisualStudioVersion = 10.0.40219.1
Project("{FAE04EC0-301F-11D3-BF4B-00C04F79EFBC}") = "Entity Framework", "Entity Framework\Entity Framework.csproj", "{B295EF3D-C4BF-4284-B206-DDB3F18FD415}"
EndProject
Global
	GlobalSection(SolutionConfigurationPlatforms) = preSolution
		Debug|Any CPU = Debug|Any CPU
		Release|Any CPU = Release|Any CPU
	EndGlobalSection
	GlobalSection(ProjectConfigurationPlatforms) = postSolution
		{B295EF3D-C4BF-4284-B206-DDB3F18FD415}.Debug|Any CPU.ActiveCfg = Debug|Any CPU
		{B295EF3D-C4BF-4284-B206-DDB3F18FD415}.Debug|Any CPU.Build.0 = Debug|Any CPU
		{B295EF3D-C4BF-4284-B206-DDB3F18FD415}.Release|Any CPU.ActiveCfg = Release|Any CPU
		{B295EF3D-C4BF-4284-B206-DDB3F18FD415}.Release|Any CPU.Build.0 = Release|Any CPU
	EndGlobalSection
	GlobalSection(SolutionProperties) = preSolution
		HideSolutionNode = FALSE
	EndGlobalSection
	GlobalSection(ExtensibilityGlobals) = postSolution
		SolutionGuid = {A791BD1B-3F6C-46E7-A9EF-1A18460021DB}
	EndGlobalSection
EndGlobal
